
Microsoft Visual Studio Solution File, Format Version 12.00
# Visual Studio Version 16
VisualStudioVersion = 16.0.31911.196
MinimumVisualStudioVersion = 10.0.40219.1
Project("{FAE04EC0-301F-11D3-BF4B-00C04F79EFBC}") = "Laba_2_Coop", "Laba_2_Coop.csproj", "{075273A8-F77F-4FC7-9833-1A645DF290D3}"
EndProject
Global
	GlobalSection(SolutionConfigurationPlatforms) = preSolution
		Debug|Any CPU = Debug|Any CPU
		Release|Any CPU = Release|Any CPU
	EndGlobalSection
	GlobalSection(ProjectConfigurationPlatforms) = postSolution
		{075273A8-F77F-4FC7-9833-1A645DF290D3}.Debug|Any CPU.ActiveCfg = Debug|Any CPU
		{075273A8-F77F-4FC7-9833-1A645DF290D3}.Debug|Any CPU.Build.0 = Debug|Any CPU
		{075273A8-F77F-4FC7-9833-1A645DF290D3}.Release|Any CPU.ActiveCfg = Release|Any CPU
		{075273A8-F77F-4FC7-9833-1A645DF290D3}.Release|Any CPU.Build.0 = Release|Any CPU
	EndGlobalSection
	GlobalSection(SolutionProperties) = preSolution
		HideSolutionNode = FALSE
	EndGlobalSection
	GlobalSection(ExtensibilityGlobals) = postSolution
		SolutionGuid = {49338911-2199-4C4B-B4C5-99823D527D9C}
	EndGlobalSection
EndGlobal
