
Microsoft Visual Studio Solution File, Format Version 12.00
# Visual Studio Version 16
VisualStudioVersion = 16.0.31911.196
MinimumVisualStudioVersion = 10.0.40219.1
Project("{FAE04EC0-301F-11D3-BF4B-00C04F79EFBC}") = "Laba 2", "Laba 2.csproj", "{CF6FAC85-691C-4502-9799-9D9E0374032C}"
EndProject
Global
	GlobalSection(SolutionConfigurationPlatforms) = preSolution
		Debug|Any CPU = Debug|Any CPU
		Release|Any CPU = Release|Any CPU
	EndGlobalSection
	GlobalSection(ProjectConfigurationPlatforms) = postSolution
		{CF6FAC85-691C-4502-9799-9D9E0374032C}.Debug|Any CPU.ActiveCfg = Debug|Any CPU
		{CF6FAC85-691C-4502-9799-9D9E0374032C}.Debug|Any CPU.Build.0 = Debug|Any CPU
		{CF6FAC85-691C-4502-9799-9D9E0374032C}.Release|Any CPU.ActiveCfg = Release|Any CPU
		{CF6FAC85-691C-4502-9799-9D9E0374032C}.Release|Any CPU.Build.0 = Release|Any CPU
	EndGlobalSection
	GlobalSection(SolutionProperties) = preSolution
		HideSolutionNode = FALSE
	EndGlobalSection
	GlobalSection(ExtensibilityGlobals) = postSolution
		SolutionGuid = {E441698E-3CE3-4EF7-823D-1573C911AF53}
	EndGlobalSection
EndGlobal
